
Microsoft Visual Studio Solution File, Format Version 12.00
# Visual Studio Version 17
VisualStudioVersion = 17.7.34031.279
MinimumVisualStudioVersion = 10.0.40219.1
Project("{9A19103F-16F7-4668-BE54-9A1E7A4F7556}") = "Perakaravan.Application", "src\Perakaravan.Application\Perakaravan.Application.csproj", "{9CF4759A-D207-46CE-8C03-DB30858469F2}"
EndProject
Project("{9A19103F-16F7-4668-BE54-9A1E7A4F7556}") = "Perakaravan.CrossCutting", "src\Perakaravan.CrossCutting\Perakaravan.CrossCutting.csproj", "{1A4AE8B0-DB85-4E6F-B993-B5929B1DFCF7}"
EndProject
Project("{9A19103F-16F7-4668-BE54-9A1E7A4F7556}") = "Perakaravan.Data", "src\Perakaravan.Data\Perakaravan.Data.csproj", "{9E08B108-93FF-43E2-BD48-893DB92CFC03}"
EndProject
Project("{9A19103F-16F7-4668-BE54-9A1E7A4F7556}") = "Perakaravan.Domain", "src\Perakaravan.Domain\Perakaravan.Domain.csproj", "{089E1890-C9C5-478C-81B7-0480125EF093}"
EndProject
Project("{9A19103F-16F7-4668-BE54-9A1E7A4F7556}") = "Perakaravan.InfraPack", "src\Perakaravan.InfraPack\Perakaravan.InfraPack.csproj", "{FEFA9BF3-E0C7-4202-8828-8448768209F8}"
EndProject
Project("{9A19103F-16F7-4668-BE54-9A1E7A4F7556}") = "Perakaravan.Integration", "src\Perakaravan.Integration\Perakaravan.Integration.csproj", "{88A2FAF1-E516-45FD-A3EF-9F5316B54CA7}"
EndProject
Project("{9A19103F-16F7-4668-BE54-9A1E7A4F7556}") = "Perakaravan.Services.Api", "src\Perakaravan.Services.Api\Perakaravan.Services.Api.csproj", "{67C71D6C-0139-4158-9284-CA17E44E36FB}"
EndProject
Global
	GlobalSection(SolutionConfigurationPlatforms) = preSolution
		Debug|Any CPU = Debug|Any CPU
		Release|Any CPU = Release|Any CPU
	EndGlobalSection
	GlobalSection(ProjectConfigurationPlatforms) = postSolution
		{9CF4759A-D207-46CE-8C03-DB30858469F2}.Debug|Any CPU.ActiveCfg = Debug|Any CPU
		{9CF4759A-D207-46CE-8C03-DB30858469F2}.Debug|Any CPU.Build.0 = Debug|Any CPU
		{9CF4759A-D207-46CE-8C03-DB30858469F2}.Release|Any CPU.ActiveCfg = Release|Any CPU
		{9CF4759A-D207-46CE-8C03-DB30858469F2}.Release|Any CPU.Build.0 = Release|Any CPU
		{1A4AE8B0-DB85-4E6F-B993-B5929B1DFCF7}.Debug|Any CPU.ActiveCfg = Debug|Any CPU
		{1A4AE8B0-DB85-4E6F-B993-B5929B1DFCF7}.Debug|Any CPU.Build.0 = Debug|Any CPU
		{1A4AE8B0-DB85-4E6F-B993-B5929B1DFCF7}.Release|Any CPU.ActiveCfg = Release|Any CPU
		{1A4AE8B0-DB85-4E6F-B993-B5929B1DFCF7}.Release|Any CPU.Build.0 = Release|Any CPU
		{9E08B108-93FF-43E2-BD48-893DB92CFC03}.Debug|Any CPU.ActiveCfg = Debug|Any CPU
		{9E08B108-93FF-43E2-BD48-893DB92CFC03}.Debug|Any CPU.Build.0 = Debug|Any CPU
		{9E08B108-93FF-43E2-BD48-893DB92CFC03}.Release|Any CPU.ActiveCfg = Release|Any CPU
		{9E08B108-93FF-43E2-BD48-893DB92CFC03}.Release|Any CPU.Build.0 = Release|Any CPU
		{089E1890-C9C5-478C-81B7-0480125EF093}.Debug|Any CPU.ActiveCfg = Debug|Any CPU
		{089E1890-C9C5-478C-81B7-0480125EF093}.Debug|Any CPU.Build.0 = Debug|Any CPU
		{089E1890-C9C5-478C-81B7-0480125EF093}.Release|Any CPU.ActiveCfg = Release|Any CPU
		{089E1890-C9C5-478C-81B7-0480125EF093}.Release|Any CPU.Build.0 = Release|Any CPU
		{FEFA9BF3-E0C7-4202-8828-8448768209F8}.Debug|Any CPU.ActiveCfg = Debug|Any CPU
		{FEFA9BF3-E0C7-4202-8828-8448768209F8}.Debug|Any CPU.Build.0 = Debug|Any CPU
		{FEFA9BF3-E0C7-4202-8828-8448768209F8}.Release|Any CPU.ActiveCfg = Release|Any CPU
		{FEFA9BF3-E0C7-4202-8828-8448768209F8}.Release|Any CPU.Build.0 = Release|Any CPU
		{88A2FAF1-E516-45FD-A3EF-9F5316B54CA7}.Debug|Any CPU.ActiveCfg = Debug|Any CPU
		{88A2FAF1-E516-45FD-A3EF-9F5316B54CA7}.Debug|Any CPU.Build.0 = Debug|Any CPU
		{88A2FAF1-E516-45FD-A3EF-9F5316B54CA7}.Release|Any CPU.ActiveCfg = Release|Any CPU
		{88A2FAF1-E516-45FD-A3EF-9F5316B54CA7}.Release|Any CPU.Build.0 = Release|Any CPU
		{67C71D6C-0139-4158-9284-CA17E44E36FB}.Debug|Any CPU.ActiveCfg = Debug|Any CPU
		{67C71D6C-0139-4158-9284-CA17E44E36FB}.Debug|Any CPU.Build.0 = Debug|Any CPU
		{67C71D6C-0139-4158-9284-CA17E44E36FB}.Release|Any CPU.ActiveCfg = Release|Any CPU
		{67C71D6C-0139-4158-9284-CA17E44E36FB}.Release|Any CPU.Build.0 = Release|Any CPU
	EndGlobalSection
	GlobalSection(SolutionProperties) = preSolution
		HideSolutionNode = FALSE
	EndGlobalSection
	GlobalSection(ExtensibilityGlobals) = postSolution
		SolutionGuid = {F90C2175-965F-4193-85C5-6C71AD7ABE3E}
	EndGlobalSection
EndGlobal
