
Microsoft Visual Studio Solution File, Format Version 12.00
# Visual Studio Version 17
VisualStudioVersion = 17.7.34031.279
MinimumVisualStudioVersion = 10.0.40219.1
Project("{9A19103F-16F7-4668-BE54-9A1E7A4F7556}") = "Perakaravan.Application", "Perakaravan.Application\Perakaravan.Application.csproj", "{617850AB-9D06-40FE-A8CE-BE46453A9CDF}"
EndProject
Project("{9A19103F-16F7-4668-BE54-9A1E7A4F7556}") = "Perakaravan.CrossCutting", "Perakaravan.CrossCutting\Perakaravan.CrossCutting.csproj", "{21214C1D-FC05-4C40-9BE6-440273FA1D98}"
EndProject
Project("{9A19103F-16F7-4668-BE54-9A1E7A4F7556}") = "Perakaravan.Data", "Perakaravan.Data\Perakaravan.Data.csproj", "{078C5251-3129-4B4F-BE94-4A8A9190E7A2}"
EndProject
Project("{9A19103F-16F7-4668-BE54-9A1E7A4F7556}") = "Perakaravan.Domain", "Perakaravan.Domain\Perakaravan.Domain.csproj", "{E1323830-6DAD-4AB5-AFD0-DC7CEEFFD0B0}"
EndProject
Project("{9A19103F-16F7-4668-BE54-9A1E7A4F7556}") = "Perakaravan.InfraPack", "Perakaravan.InfraPack\Perakaravan.InfraPack.csproj", "{73C8024C-7B2C-4ABA-82C3-D850E05AE315}"
EndProject
Project("{9A19103F-16F7-4668-BE54-9A1E7A4F7556}") = "Perakaravan.Integration", "Perakaravan.Integration\Perakaravan.Integration.csproj", "{63BE1A1F-0BD9-4034-9195-557BE45CD96A}"
EndProject
Project("{9A19103F-16F7-4668-BE54-9A1E7A4F7556}") = "Perakaravan.Services.Api", "Perakaravan.Services.Api\Perakaravan.Services.Api.csproj", "{47724790-C368-4EC0-8049-CE720E8FCA23}"
EndProject
Global
	GlobalSection(SolutionConfigurationPlatforms) = preSolution
		Debug|Any CPU = Debug|Any CPU
		Release|Any CPU = Release|Any CPU
	EndGlobalSection
	GlobalSection(ProjectConfigurationPlatforms) = postSolution
		{617850AB-9D06-40FE-A8CE-BE46453A9CDF}.Debug|Any CPU.ActiveCfg = Debug|Any CPU
		{617850AB-9D06-40FE-A8CE-BE46453A9CDF}.Debug|Any CPU.Build.0 = Debug|Any CPU
		{617850AB-9D06-40FE-A8CE-BE46453A9CDF}.Release|Any CPU.ActiveCfg = Release|Any CPU
		{617850AB-9D06-40FE-A8CE-BE46453A9CDF}.Release|Any CPU.Build.0 = Release|Any CPU
		{21214C1D-FC05-4C40-9BE6-440273FA1D98}.Debug|Any CPU.ActiveCfg = Debug|Any CPU
		{21214C1D-FC05-4C40-9BE6-440273FA1D98}.Debug|Any CPU.Build.0 = Debug|Any CPU
		{21214C1D-FC05-4C40-9BE6-440273FA1D98}.Release|Any CPU.ActiveCfg = Release|Any CPU
		{21214C1D-FC05-4C40-9BE6-440273FA1D98}.Release|Any CPU.Build.0 = Release|Any CPU
		{078C5251-3129-4B4F-BE94-4A8A9190E7A2}.Debug|Any CPU.ActiveCfg = Debug|Any CPU
		{078C5251-3129-4B4F-BE94-4A8A9190E7A2}.Debug|Any CPU.Build.0 = Debug|Any CPU
		{078C5251-3129-4B4F-BE94-4A8A9190E7A2}.Release|Any CPU.ActiveCfg = Release|Any CPU
		{078C5251-3129-4B4F-BE94-4A8A9190E7A2}.Release|Any CPU.Build.0 = Release|Any CPU
		{E1323830-6DAD-4AB5-AFD0-DC7CEEFFD0B0}.Debug|Any CPU.ActiveCfg = Debug|Any CPU
		{E1323830-6DAD-4AB5-AFD0-DC7CEEFFD0B0}.Debug|Any CPU.Build.0 = Debug|Any CPU
		{E1323830-6DAD-4AB5-AFD0-DC7CEEFFD0B0}.Release|Any CPU.ActiveCfg = Release|Any CPU
		{E1323830-6DAD-4AB5-AFD0-DC7CEEFFD0B0}.Release|Any CPU.Build.0 = Release|Any CPU
		{73C8024C-7B2C-4ABA-82C3-D850E05AE315}.Debug|Any CPU.ActiveCfg = Debug|Any CPU
		{73C8024C-7B2C-4ABA-82C3-D850E05AE315}.Debug|Any CPU.Build.0 = Debug|Any CPU
		{73C8024C-7B2C-4ABA-82C3-D850E05AE315}.Release|Any CPU.ActiveCfg = Release|Any CPU
		{73C8024C-7B2C-4ABA-82C3-D850E05AE315}.Release|Any CPU.Build.0 = Release|Any CPU
		{63BE1A1F-0BD9-4034-9195-557BE45CD96A}.Debug|Any CPU.ActiveCfg = Debug|Any CPU
		{63BE1A1F-0BD9-4034-9195-557BE45CD96A}.Debug|Any CPU.Build.0 = Debug|Any CPU
		{63BE1A1F-0BD9-4034-9195-557BE45CD96A}.Release|Any CPU.ActiveCfg = Release|Any CPU
		{63BE1A1F-0BD9-4034-9195-557BE45CD96A}.Release|Any CPU.Build.0 = Release|Any CPU
		{47724790-C368-4EC0-8049-CE720E8FCA23}.Debug|Any CPU.ActiveCfg = Debug|Any CPU
		{47724790-C368-4EC0-8049-CE720E8FCA23}.Debug|Any CPU.Build.0 = Debug|Any CPU
		{47724790-C368-4EC0-8049-CE720E8FCA23}.Release|Any CPU.ActiveCfg = Release|Any CPU
		{47724790-C368-4EC0-8049-CE720E8FCA23}.Release|Any CPU.Build.0 = Release|Any CPU
	EndGlobalSection
	GlobalSection(SolutionProperties) = preSolution
		HideSolutionNode = FALSE
	EndGlobalSection
	GlobalSection(ExtensibilityGlobals) = postSolution
		SolutionGuid = {F90C2175-965F-4193-85C5-6C71AD7ABE3E}
	EndGlobalSection
EndGlobal
